
Microsoft Visual Studio Solution File, Format Version 12.00
# Visual Studio Version 17
VisualStudioVersion = 17.11.35222.181
MinimumVisualStudioVersion = 10.0.40219.1
Project("{2150E333-8FDC-42A3-9474-1A3956D46DE8}") = "Frontend", "Frontend", "{DED8AACB-36FB-4580-BE7A-524277EA825B}"
EndProject
Project("{2150E333-8FDC-42A3-9474-1A3956D46DE8}") = "Gateway", "Gateway", "{44D771E7-47D6-4E8D-835B-AF4AE3D03A82}"
EndProject
Project("{2150E333-8FDC-42A3-9474-1A3956D46DE8}") = "Integration", "Integration", "{30DAE636-9E13-4FF1-9E2B-9C28CBD4F16C}"
EndProject
Project("{2150E333-8FDC-42A3-9474-1A3956D46DE8}") = "Services", "Services", "{4CFA71CF-A0D2-4BC3-98B7-13250084CD5D}"
EndProject
Project("{FAE04EC0-301F-11D3-BF4B-00C04F79EFBC}") = "Mango.Services.CouponAPI", "Mango.Services.CouponAPI\Mango.Services.CouponAPI.csproj", "{7C320C53-7E6C-4BED-A5D7-72F9B6BBE119}"
EndProject
Global
	GlobalSection(SolutionConfigurationPlatforms) = preSolution
		Debug|Any CPU = Debug|Any CPU
		Release|Any CPU = Release|Any CPU
	EndGlobalSection
	GlobalSection(ProjectConfigurationPlatforms) = postSolution
		{7C320C53-7E6C-4BED-A5D7-72F9B6BBE119}.Debug|Any CPU.ActiveCfg = Debug|Any CPU
		{7C320C53-7E6C-4BED-A5D7-72F9B6BBE119}.Debug|Any CPU.Build.0 = Debug|Any CPU
		{7C320C53-7E6C-4BED-A5D7-72F9B6BBE119}.Release|Any CPU.ActiveCfg = Release|Any CPU
		{7C320C53-7E6C-4BED-A5D7-72F9B6BBE119}.Release|Any CPU.Build.0 = Release|Any CPU
	EndGlobalSection
	GlobalSection(SolutionProperties) = preSolution
		HideSolutionNode = FALSE
	EndGlobalSection
	GlobalSection(NestedProjects) = preSolution
		{7C320C53-7E6C-4BED-A5D7-72F9B6BBE119} = {4CFA71CF-A0D2-4BC3-98B7-13250084CD5D}
	EndGlobalSection
	GlobalSection(ExtensibilityGlobals) = postSolution
		SolutionGuid = {D93FCF25-DE5E-4B41-A285-2D30C57318EE}
	EndGlobalSection
EndGlobal
